
Microsoft Visual Studio Solution File, Format Version 12.00
# Visual Studio Version 17
VisualStudioVersion = 17.4.33213.308
MinimumVisualStudioVersion = 10.0.40219.1
Project("{9A19103F-16F7-4668-BE54-9A1E7A4F7556}") = "Kaufhaus", "Kaufhaus\Kaufhaus.csproj", "{09464C8C-5688-4C92-9E14-0FA1F9B7E649}"
EndProject
Project("{FAE04EC0-301F-11D3-BF4B-00C04F79EFBC}") = "Kaufhaus_UnitTest", "Kaufhaus_UnitTest\Kaufhaus_UnitTest.csproj", "{C6C5D9CA-AAB4-47E7-8660-6FFEEE7A29EE}"
EndProject
Global
	GlobalSection(SolutionConfigurationPlatforms) = preSolution
		Debug|Any CPU = Debug|Any CPU
		Release|Any CPU = Release|Any CPU
	EndGlobalSection
	GlobalSection(ProjectConfigurationPlatforms) = postSolution
		{09464C8C-5688-4C92-9E14-0FA1F9B7E649}.Debug|Any CPU.ActiveCfg = Debug|Any CPU
		{09464C8C-5688-4C92-9E14-0FA1F9B7E649}.Debug|Any CPU.Build.0 = Debug|Any CPU
		{09464C8C-5688-4C92-9E14-0FA1F9B7E649}.Release|Any CPU.ActiveCfg = Release|Any CPU
		{09464C8C-5688-4C92-9E14-0FA1F9B7E649}.Release|Any CPU.Build.0 = Release|Any CPU
		{C6C5D9CA-AAB4-47E7-8660-6FFEEE7A29EE}.Debug|Any CPU.ActiveCfg = Debug|Any CPU
		{C6C5D9CA-AAB4-47E7-8660-6FFEEE7A29EE}.Debug|Any CPU.Build.0 = Debug|Any CPU
		{C6C5D9CA-AAB4-47E7-8660-6FFEEE7A29EE}.Release|Any CPU.ActiveCfg = Release|Any CPU
		{C6C5D9CA-AAB4-47E7-8660-6FFEEE7A29EE}.Release|Any CPU.Build.0 = Release|Any CPU
	EndGlobalSection
	GlobalSection(SolutionProperties) = preSolution
		HideSolutionNode = FALSE
	EndGlobalSection
	GlobalSection(ExtensibilityGlobals) = postSolution
		SolutionGuid = {B749589C-2650-481B-B2C0-020DF857B03C}
	EndGlobalSection
EndGlobal
